
Microsoft Visual Studio Solution File, Format Version 12.00
# Visual Studio Version 16
VisualStudioVersion = 16.0.33214.272
MinimumVisualStudioVersion = 10.0.40219.1
Project("{FAE04EC0-301F-11D3-BF4B-00C04F79EFBC}") = "ConsoleApp7", "ConsoleApp7\ConsoleApp7.csproj", "{BA8058C3-6EBC-4911-86ED-572916ABFFE2}"
EndProject
Global
	GlobalSection(SolutionConfigurationPlatforms) = preSolution
		Debug|Any CPU = Debug|Any CPU
		Release|Any CPU = Release|Any CPU
	EndGlobalSection
	GlobalSection(ProjectConfigurationPlatforms) = postSolution
		{BA8058C3-6EBC-4911-86ED-572916ABFFE2}.Debug|Any CPU.ActiveCfg = Debug|Any CPU
		{BA8058C3-6EBC-4911-86ED-572916ABFFE2}.Debug|Any CPU.Build.0 = Debug|Any CPU
		{BA8058C3-6EBC-4911-86ED-572916ABFFE2}.Release|Any CPU.ActiveCfg = Release|Any CPU
		{BA8058C3-6EBC-4911-86ED-572916ABFFE2}.Release|Any CPU.Build.0 = Release|Any CPU
	EndGlobalSection
	GlobalSection(SolutionProperties) = preSolution
		HideSolutionNode = FALSE
	EndGlobalSection
	GlobalSection(ExtensibilityGlobals) = postSolution
		SolutionGuid = {862D69F2-C6A0-4B32-8924-58A9BB56594A}
	EndGlobalSection
EndGlobal
